
Microsoft Visual Studio Solution File, Format Version 12.00
# Visual Studio 15
Project("{FAE04EC0-301F-11D3-BF4B-00C04F79EFBC}") = "Assembly-CSharp", "Assembly-CSharp.csproj", "{38A12DA5-94B8-3C4D-6451-488E17E08FA1}"
EndProject
Global
	GlobalSection(SolutionConfigurationPlatforms) = preSolution
		Debug|Any CPU = Debug|Any CPU
		Release|Any CPU = Release|Any CPU
	EndGlobalSection
	GlobalSection(ProjectConfigurationPlatforms) = postSolution
		{38A12DA5-94B8-3C4D-6451-488E17E08FA1}.Debug|Any CPU.ActiveCfg = Debug|Any CPU
		{38A12DA5-94B8-3C4D-6451-488E17E08FA1}.Debug|Any CPU.Build.0 = Debug|Any CPU
		{38A12DA5-94B8-3C4D-6451-488E17E08FA1}.Release|Any CPU.ActiveCfg = Release|Any CPU
		{38A12DA5-94B8-3C4D-6451-488E17E08FA1}.Release|Any CPU.Build.0 = Release|Any CPU
	EndGlobalSection
	GlobalSection(SolutionProperties) = preSolution
		HideSolutionNode = FALSE
	EndGlobalSection
EndGlobal
